
Microsoft Visual Studio Solution File, Format Version 12.00
# Visual Studio Version 16
VisualStudioVersion = 16.0.34902.97
MinimumVisualStudioVersion = 10.0.40219.1
Project("{888888A0-9F3D-457C-B088-3A5042F75D52}") = "OOP_FinalProject_SN", "OOP_FinalProject_SN\OOP_FinalProject_SN.pyproj", "{1F5C2DED-3800-4C94-962F-B1083C2AB098}"
EndProject
Global
	GlobalSection(SolutionConfigurationPlatforms) = preSolution
		Debug|Any CPU = Debug|Any CPU
		Release|Any CPU = Release|Any CPU
	EndGlobalSection
	GlobalSection(ProjectConfigurationPlatforms) = postSolution
		{1F5C2DED-3800-4C94-962F-B1083C2AB098}.Debug|Any CPU.ActiveCfg = Debug|Any CPU
		{1F5C2DED-3800-4C94-962F-B1083C2AB098}.Release|Any CPU.ActiveCfg = Release|Any CPU
	EndGlobalSection
	GlobalSection(SolutionProperties) = preSolution
		HideSolutionNode = FALSE
	EndGlobalSection
	GlobalSection(ExtensibilityGlobals) = postSolution
		SolutionGuid = {1EF1CD04-E590-4C52-8C91-9A2FF876F2CC}
	EndGlobalSection
EndGlobal
